
Microsoft Visual Studio Solution File, Format Version 12.00
# Visual Studio 15
VisualStudioVersion = 15.0.28307.572
MinimumVisualStudioVersion = 10.0.40219.1
Project("{FAE04EC0-301F-11D3-BF4B-00C04F79EFBC}") = "Trabalho Final ATP", "Trabalho Final ATP\Trabalho Final ATP.csproj", "{FEEF924F-3706-42EC-A5A6-2C06A755E753}"
EndProject
Global
	GlobalSection(SolutionConfigurationPlatforms) = preSolution
		Debug|Any CPU = Debug|Any CPU
		Release|Any CPU = Release|Any CPU
	EndGlobalSection
	GlobalSection(ProjectConfigurationPlatforms) = postSolution
		{FEEF924F-3706-42EC-A5A6-2C06A755E753}.Debug|Any CPU.ActiveCfg = Debug|Any CPU
		{FEEF924F-3706-42EC-A5A6-2C06A755E753}.Debug|Any CPU.Build.0 = Debug|Any CPU
		{FEEF924F-3706-42EC-A5A6-2C06A755E753}.Release|Any CPU.ActiveCfg = Release|Any CPU
		{FEEF924F-3706-42EC-A5A6-2C06A755E753}.Release|Any CPU.Build.0 = Release|Any CPU
	EndGlobalSection
	GlobalSection(SolutionProperties) = preSolution
		HideSolutionNode = FALSE
	EndGlobalSection
	GlobalSection(ExtensibilityGlobals) = postSolution
		SolutionGuid = {E4FD9739-CF13-4925-B784-5B25B12C1562}
	EndGlobalSection
EndGlobal
